
Microsoft Visual Studio Solution File, Format Version 12.00
# Visual Studio Version 17
VisualStudioVersion = 17.3.32901.215
MinimumVisualStudioVersion = 10.0.40219.1
Project("{FAE04EC0-301F-11D3-BF4B-00C04F79EFBC}") = "WindowsFormsApp3", "WindowsFormsApp3.csproj", "{D48AD1D9-EE05-48D3-9CA4-D729EB773293}"
EndProject
Global
	GlobalSection(SolutionConfigurationPlatforms) = preSolution
		Debug|Any CPU = Debug|Any CPU
		Release|Any CPU = Release|Any CPU
	EndGlobalSection
	GlobalSection(ProjectConfigurationPlatforms) = postSolution
		{D48AD1D9-EE05-48D3-9CA4-D729EB773293}.Debug|Any CPU.ActiveCfg = Debug|Any CPU
		{D48AD1D9-EE05-48D3-9CA4-D729EB773293}.Debug|Any CPU.Build.0 = Debug|Any CPU
		{D48AD1D9-EE05-48D3-9CA4-D729EB773293}.Release|Any CPU.ActiveCfg = Release|Any CPU
		{D48AD1D9-EE05-48D3-9CA4-D729EB773293}.Release|Any CPU.Build.0 = Release|Any CPU
	EndGlobalSection
	GlobalSection(SolutionProperties) = preSolution
		HideSolutionNode = FALSE
	EndGlobalSection
	GlobalSection(ExtensibilityGlobals) = postSolution
		SolutionGuid = {9219BC7C-B222-4E3F-9E20-EEA4277BB4FB}
	EndGlobalSection
EndGlobal
